// !$*UTF8*$!
{
	archiveVersion = 1;
	classes = {
	};
	objectVersion = 46;
	objects = {

/* Begin PBXBuildFile section */
		EB3DE1C01A9FD03700B0BEA8 /* main.cpp in Sources */ = {isa = PBXBuildFile; fileRef = EB3DE1BF1A9FD03700B0BEA8 /* main.cpp */; };
/* End PBXBuildFile section */

/* Begin PBXCopyFilesBuildPhase section */
		EB3DE1BA1A9FD03700B0BEA8 /* CopyFiles */ = {
			isa = PBXCopyFilesBuildPhase;
			buildActionMask = 2147483647;
			dstPath = /usr/share/man/man1/;
			dstSubfolderSpec = 0;
			files = (
			);
			runOnlyForDeploymentPostprocessing = 1;
		};
/* End PBXCopyFilesBuildPhase section */

/* Begin PBXFileReference section */
		EB3DE1BC1A9FD03700B0BEA8 /* BPA-State */ = {isa = PBXFileReference; explicitFileType = "compiled.mach-o.executable"; includeInIndex = 0; path = "BPA-State"; sourceTree = BUILT_PRODUCTS_DIR; };
		EB3DE1BF1A9FD03700B0BEA8 /* main.cpp */ = {isa = PBXFileReference; lastKnownFileType = sourcecode.cpp.cpp; path = main.cpp; sourceTree = "<group>"; };
/* End PBXFileReference section */

/* Begin PBXFrameworksBuildPhase section */
		EB3DE1B91A9FD03700B0BEA8 /* Frameworks */ = {
			isa = PBXFrameworksBuildPhase;
			buildActionMask = 2147483647;
			files = (
			);
			runOnlyForDeploymentPostprocessing = 0;
		};
/* End PBXFrameworksBuildPhase section */

/* Begin PBXGroup section */
		EB3DE1B31A9FD03700B0BEA8 = {
			isa = PBXGroup;
			children = (
				EB3DE1BE1A9FD03700B0BEA8 /* BPA-State */,
				EB3DE1BD1A9FD03700B0BEA8 /* Products */,
			);
			sourceTree = "<group>";
		};
		EB3DE1BD1A9FD03700B0BEA8 /* Products */ = {
			isa = PBXGroup;
			children = (
				EB3DE1BC1A9FD03700B0BEA8 /* BPA-State */,
			);
			name = Products;
			sourceTree = "<group>";
		};
		EB3DE1BE1A9FD03700B0BEA8 /* BPA-State */ = {
			isa = PBXGroup;
			children = (
				EB3DE1BF1A9FD03700B0BEA8 /* main.cpp */,
			);
			path = "BPA-State";
			sourceTree = "<group>";
		};
/* End PBXGroup section */

/* Begin PBXNativeTarget section */
		EB3DE1BB1A9FD03700B0BEA8 /* BPA-State */ = {
			isa = PBXNativeTarget;
			buildConfigurationList = EB3DE1C31A9FD03700B0BEA8 /* Build configuration list for PBXNativeTarget "BPA-State" */;
			buildPhases = (
				EB3DE1B81A9FD03700B0BEA8 /* Sources */,
				EB3DE1B91A9FD03700B0BEA8 /* Frameworks */,
				EB3DE1BA1A9FD03700B0BEA8 /* CopyFiles */,
			);
			buildRules = (
			);
			dependencies = (
			);
			name = "BPA-State";
			productName = "BPA-State";
			productReference = EB3DE1BC1A9FD03700B0BEA8 /* BPA-State */;
			productType = "com.apple.product-type.tool";
		};
/* End PBXNativeTarget section */

/* Begin PBXProject section */
		EB3DE1B41A9FD03700B0BEA8 /* Project object */ = {
			isa = PBXProject;
			attributes = {
				LastUpgradeCheck = 0620;
				ORGANIZATIONNAME = "Niraj Pant";
				TargetAttributes = {
					EB3DE1BB1A9FD03700B0BEA8 = {
						CreatedOnToolsVersion = 6.2;
					};
				};
			};
			buildConfigurationList = EB3DE1B71A9FD03700B0BEA8 /* Build configuration list for PBXProject "BPA-State" */;
			compatibilityVersion = "Xcode 3.2";
			developmentRegion = English;
			hasScannedForEncodings = 0;
			knownRegions = (
				en,
			);
			mainGroup = EB3DE1B31A9FD03700B0BEA8;
			productRefGroup = EB3DE1BD1A9FD03700B0BEA8 /* Products */;
			projectDirPath = "";
			projectRoot = "";
			targets = (
				EB3DE1BB1A9FD03700B0BEA8 /* BPA-State */,
			);
		};
/* End PBXProject section */

/* Begin PBXSourcesBuildPhase section */
		EB3DE1B81A9FD03700B0BEA8 /* Sources */ = {
			isa = PBXSourcesBuildPhase;
			buildActionMask = 2147483647;
			files = (
				EB3DE1C01A9FD03700B0BEA8 /* main.cpp in Sources */,
			);
			runOnlyForDeploymentPostprocessing = 0;
		};
/* End PBXSourcesBuildPhase section */

/* Begin XCBuildConfiguration section */
		EB3DE1C11A9FD03700B0BEA8 /* Debug */ = {
			isa = XCBuildConfiguration;
			buildSettings = {
				ALWAYS_SEARCH_USER_PATHS = NO;
				CLANG_CXX_LANGUAGE_STANDARD = "gnu++0x";
				CLANG_CXX_LIBRARY = "libc++";
				CLANG_ENABLE_MODULES = YES;
				CLANG_ENABLE_OBJC_ARC = YES;
				CLANG_WARN_BOOL_CONVERSION = YES;
				CLANG_WARN_CONSTANT_CONVERSION = YES;
				CLANG_WARN_DIRECT_OBJC_ISA_USAGE = YES_ERROR;
				CLANG_WARN_EMPTY_BODY = YES;
				CLANG_WARN_ENUM_CONVERSION = YES;
				CLANG_WARN_INT_CONVERSION = YES;
				CLANG_WARN_OBJC_ROOT_CLASS = YES_ERROR;
				CLANG_WARN_UNREACHABLE_CODE = YES;
				CLANG_WARN__DUPLICATE_METHOD_MATCH = YES;
				COPY_PHASE_STRIP = NO;
				ENABLE_STRICT_OBJC_MSGSEND = YES;
				GCC_C_LANGUAGE_STANDARD = gnu99;
				GCC_DYNAMIC_NO_PIC = NO;
				GCC_OPTIMIZATION_LEVEL = 0;
				GCC_PREPROCESSOR_DEFINITIONS = (
					"DEBUG=1",
					"$(inherited)",
				);
				GCC_SYMBOLS_PRIVATE_EXTERN = NO;
				GCC_WARN_64_TO_32_BIT_CONVERSION = YES;
				GCC_WARN_ABOUT_RETURN_TYPE = YES_ERROR;
				GCC_WARN_UNDECLARED_SELECTOR = YES;
				GCC_WARN_UNINITIALIZED_AUTOS = YES_AGGRESSIVE;
				GCC_WARN_UNUSED_FUNCTION = YES;
				GCC_WARN_UNUSED_VARIABLE = YES;
				MACOSX_DEPLOYMENT_TARGET = 10.10;
				MTL_ENABLE_DEBUG_INFO = YES;
				ONLY_ACTIVE_ARCH = YES;
				SDKROOT = macosx;
			};
			name = Debug;
		};
		EB3DE1C21A9FD03700B0BEA8 /* Release */ = {
			isa = XCBuildConfiguration;
			buildSettings = {
				ALWAYS_SEARCH_USER_PATHS = NO;
				CLANG_CXX_LANGUAGE_STANDARD = "gnu++0x";
				CLANG_CXX_LIBRARY = "libc++";
				CLANG_ENABLE_MODULES = YES;
				CLANG_ENABLE_OBJC_ARC = YES;
				CLANG_WARN_BOOL_CONVERSION = YES;
				CLANG_WARN_CONSTANT_CONVERSION = YES;
				CLANG_WARN_DIRECT_OBJC_ISA_USAGE = YES_ERROR;
				CLANG_WARN_EMPTY_BODY = YES;
				CLANG_WARN_ENUM_CONVERSION = YES;
				CLANG_WARN_INT_CONVERSION = YES;
				CLANG_WARN_OBJC_ROOT_CLASS = YES_ERROR;
				CLANG_WARN_UNREACHABLE_CODE = YES;
				CLANG_WARN__DUPLICATE_METHOD_MATCH = YES;
				COPY_PHASE_STRIP = YES;
				DEBUG_INFORMATION_FORMAT = "dwarf-with-dsym";
				ENABLE_NS_ASSERTIONS = NO;
				ENABLE_STRICT_OBJC_MSGSEND = YES;
				GCC_C_LANGUAGE_STANDARD = gnu99;
				GCC_WARN_64_TO_32_BIT_CONVERSION = YES;
				GCC_WARN_ABOUT_RETURN_TYPE = YES_ERROR;
				GCC_WARN_UNDECLARED_SELECTOR = YES;
				GCC_WARN_UNINITIALIZED_AUTOS = YES_AGGRESSIVE;
				GCC_WARN_UNUSED_FUNCTION = YES;
				GCC_WARN_UNUSED_VARIABLE = YES;
				MACOSX_DEPLOYMENT_TARGET = 10.10;
				MTL_ENABLE_DEBUG_INFO = NO;
				SDKROOT = macosx;
			};
			name = Release;
		};
		EB3DE1C41A9FD03700B0BEA8 /* Debug */ = {
			isa = XCBuildConfiguration;
			buildSettings = {
				PRODUCT_NAME = "$(TARGET_NAME)";
			};
			name = Debug;
		};
		EB3DE1C51A9FD03700B0BEA8 /* Release */ = {
			isa = XCBuildConfiguration;
			buildSettings = {
				PRODUCT_NAME = "$(TARGET_NAME)";
			};
			name = Release;
		};
/* End XCBuildConfiguration section */

/* Begin XCConfigurationList section */
		EB3DE1B71A9FD03700B0BEA8 /* Build configuration list for PBXProject "BPA-State" */ = {
			isa = XCConfigurationList;
			buildConfigurations = (
				EB3DE1C11A9FD03700B0BEA8 /* Debug */,
				EB3DE1C21A9FD03700B0BEA8 /* Release */,
			);
			defaultConfigurationIsVisible = 0;
			defaultConfigurationName = Release;
		};
		EB3DE1C31A9FD03700B0BEA8 /* Build configuration list for PBXNativeTarget "BPA-State" */ = {
			isa = XCConfigurationList;
			buildConfigurations = (
				EB3DE1C41A9FD03700B0BEA8 /* Debug */,
				EB3DE1C51A9FD03700B0BEA8 /* Release */,
			);
			defaultConfigurationIsVisible = 0;
		};
/* End XCConfigurationList section */
	};
	rootObject = EB3DE1B41A9FD03700B0BEA8 /* Project object */;
}
